
Microsoft Visual Studio Solution File, Format Version 12.00
# Visual Studio Version 17
VisualStudioVersion = 17.6.33815.320
MinimumVisualStudioVersion = 10.0.40219.1
Project("{FAE04EC0-301F-11D3-BF4B-00C04F79EFBC}") = "2023.08_Uni_Scheduler", "2023.08_Uni_Scheduler\2023.08_Uni_Scheduler.csproj", "{AD508C18-0BCD-4007-93E0-37947A5926EC}"
EndProject
Global
	GlobalSection(SolutionConfigurationPlatforms) = preSolution
		Debug|Any CPU = Debug|Any CPU
		Release|Any CPU = Release|Any CPU
	EndGlobalSection
	GlobalSection(ProjectConfigurationPlatforms) = postSolution
		{AD508C18-0BCD-4007-93E0-37947A5926EC}.Debug|Any CPU.ActiveCfg = Debug|Any CPU
		{AD508C18-0BCD-4007-93E0-37947A5926EC}.Debug|Any CPU.Build.0 = Debug|Any CPU
		{AD508C18-0BCD-4007-93E0-37947A5926EC}.Release|Any CPU.ActiveCfg = Release|Any CPU
		{AD508C18-0BCD-4007-93E0-37947A5926EC}.Release|Any CPU.Build.0 = Release|Any CPU
	EndGlobalSection
	GlobalSection(SolutionProperties) = preSolution
		HideSolutionNode = FALSE
	EndGlobalSection
	GlobalSection(ExtensibilityGlobals) = postSolution
		SolutionGuid = {059B0383-2F08-4DAD-9AB8-8B61FC8987D2}
	EndGlobalSection
EndGlobal
